
Microsoft Visual Studio Solution File, Format Version 12.00
Project("{FAE04EC0-301F-11D3-BF4B-00C04F79EFBC}") = "Task01", "Task01\Task01\Task01.csproj", "{23E81015-E12D-4DD7-8FF3-0173D14E8BF0}"
EndProject
Project("{2150E333-8FDC-42A3-9474-1A3956D46DE8}") = "Task01Sln", "Task01Sln", "{A71E5A2B-F0C1-41E7-9589-F32467946BEE}"
EndProject
Project("{FAE04EC0-301F-11D3-BF4B-00C04F79EFBC}") = "Task01Tests", "Task01\Task01Tests\Task01Tests.csproj", "{1091C717-AF19-43CA-A4EE-B3A2F15AA3E6}"
EndProject
Project("{2150E333-8FDC-42A3-9474-1A3956D46DE8}") = "Task02Sln", "Task02Sln", "{0EE395CD-248C-4EC0-982D-77C2BEDEC08E}"
EndProject
Project("{FAE04EC0-301F-11D3-BF4B-00C04F79EFBC}") = "Task02", "Task02Sln\Task02\Task02.csproj", "{16EDA26C-9F55-4E94-B7A0-9ED912B49C47}"
EndProject
Project("{2150E333-8FDC-42A3-9474-1A3956D46DE8}") = "Task03Sln", "Task03Sln", "{AE38997B-BF75-4310-9005-96DDC3B99B4D}"
EndProject
Project("{FAE04EC0-301F-11D3-BF4B-00C04F79EFBC}") = "Task03", "Task03Sln\Task03\Task03.csproj", "{0C4533A2-E708-44CE-87EA-A7A3656123D5}"
EndProject
Project("{FAE04EC0-301F-11D3-BF4B-00C04F79EFBC}") = "Task03Tests", "Task03Sln\Task03Tests\Task03Tests.csproj", "{C87B9364-8A80-4CD6-91D9-67AFCD159C96}"
EndProject
Project("{2150E333-8FDC-42A3-9474-1A3956D46DE8}") = "Task04Sln", "Task04Sln", "{31E7E8D9-0597-49E3-A355-B5B8EC5DEBE6}"
EndProject
Project("{FAE04EC0-301F-11D3-BF4B-00C04F79EFBC}") = "Task04Lib", "Task04Sln\Task04Lib\Task04Lib.csproj", "{44B64095-8C1A-46A2-8F82-04768080CB1E}"
EndProject
Project("{FAE04EC0-301F-11D3-BF4B-00C04F79EFBC}") = "Task04GUI", "Task04Sln\Task04GUI\Task04GUI.csproj", "{889C5F37-46E9-4961-989D-8B17E02D07CD}"
EndProject
Project("{FAE04EC0-301F-11D3-BF4B-00C04F79EFBC}") = "Task03GUI", "Task03Sln\Task03GUI\Task03GUI.csproj", "{C6DE1B85-C402-491A-B351-1F3210CA45CF}"
EndProject
Project("{FAE04EC0-301F-11D3-BF4B-00C04F79EFBC}") = "Task02Lib", "Task02Sln\Task02Lib\Task02Lib.csproj", "{DB9AA336-F561-4DE3-862D-A65CF65972CA}"
EndProject
Project("{FAE04EC0-301F-11D3-BF4B-00C04F79EFBC}") = "Task02GUI", "Task02Sln\Task02GUI\Task02GUI.csproj", "{42BEA7A9-F306-4E5C-9A23-ED6B9DCC9D9B}"
EndProject
Project("{2150E333-8FDC-42A3-9474-1A3956D46DE8}") = "Task06Sln", "Task06Sln", "{A98606E7-1E6B-4C33-A653-A8A60591C181}"
EndProject
Project("{FAE04EC0-301F-11D3-BF4B-00C04F79EFBC}") = "TechnicsLib", "Task06Sln\TechnicsLib\TechnicsLib.csproj", "{FACA5CB4-12BF-4BA3-876F-10316E8D602F}"
EndProject
Project("{FAE04EC0-301F-11D3-BF4B-00C04F79EFBC}") = "ConsoleTest", "Task06Sln\ConsoleTest\ConsoleTest.csproj", "{B3848179-8442-47C1-96D5-055135DD36AE}"
EndProject
Project("{FAE04EC0-301F-11D3-BF4B-00C04F79EFBC}") = "Task06GUI", "Task06Sln\Task06GUI\Task06GUI.csproj", "{F790D1D4-59B9-47A8-8930-633419F233CA}"
EndProject
Project("{2150E333-8FDC-42A3-9474-1A3956D46DE8}") = "Task07Sln", "Task07Sln", "{E7BE76EF-F5FC-401E-A160-2E2191596A47}"
EndProject
Project("{FAE04EC0-301F-11D3-BF4B-00C04F79EFBC}") = "ConsoleTest", "Task07Sln\ConsoleTest\ConsoleTest.csproj", "{6E779312-3C33-4C69-9B9E-C2198AD203EB}"
EndProject
Project("{FAE04EC0-301F-11D3-BF4B-00C04F79EFBC}") = "ReflectionsUtils", "Task07Sln\ReflectionsUtils\ReflectionsUtils.csproj", "{C69E5648-7C83-4714-98AB-15654FA97DC4}"
EndProject
Project("{FAE04EC0-301F-11D3-BF4B-00C04F79EFBC}") = "Task07GUI", "Task07Sln\Task07GUI\Task07GUI.csproj", "{FDF7B31F-9372-44A6-B9D1-8A75212EC897}"
EndProject
Project("{FAE04EC0-301F-11D3-BF4B-00C04F79EFBC}") = "Widgets", "Task07Sln\Widgets\Widgets.csproj", "{56893D9D-663C-4DB1-B14B-4824FF8BE451}"
EndProject
Project("{2150E333-8FDC-42A3-9474-1A3956D46DE8}") = "Task08Sln", "Task08Sln", "{B251AFF3-E49A-48E9-8F7B-0FA223F05E62}"
EndProject
Project("{FAE04EC0-301F-11D3-BF4B-00C04F79EFBC}") = "Lib", "Task08Sln\Lib\Lib.csproj", "{455BC2EB-DDCB-4103-94C1-F1FABA508893}"
EndProject
Project("{FAE04EC0-301F-11D3-BF4B-00C04F79EFBC}") = "ConsoleTest", "Task08Sln\ConsoleTest\ConsoleTest.csproj", "{26A3EE6C-B7AA-43AE-9242-21CA6CA49893}"
EndProject
Global
	GlobalSection(SolutionConfigurationPlatforms) = preSolution
		Debug|Any CPU = Debug|Any CPU
		Release|Any CPU = Release|Any CPU
	EndGlobalSection
	GlobalSection(ProjectConfigurationPlatforms) = postSolution
		{1091C717-AF19-43CA-A4EE-B3A2F15AA3E6}.Debug|Any CPU.ActiveCfg = Debug|Any CPU
		{1091C717-AF19-43CA-A4EE-B3A2F15AA3E6}.Debug|Any CPU.Build.0 = Debug|Any CPU
		{1091C717-AF19-43CA-A4EE-B3A2F15AA3E6}.Release|Any CPU.ActiveCfg = Release|Any CPU
		{1091C717-AF19-43CA-A4EE-B3A2F15AA3E6}.Release|Any CPU.Build.0 = Release|Any CPU
		{23E81015-E12D-4DD7-8FF3-0173D14E8BF0}.Debug|Any CPU.ActiveCfg = Debug|Any CPU
		{23E81015-E12D-4DD7-8FF3-0173D14E8BF0}.Debug|Any CPU.Build.0 = Debug|Any CPU
		{16EDA26C-9F55-4E94-B7A0-9ED912B49C47}.Debug|Any CPU.ActiveCfg = Debug|Any CPU
		{16EDA26C-9F55-4E94-B7A0-9ED912B49C47}.Debug|Any CPU.Build.0 = Debug|Any CPU
		{16EDA26C-9F55-4E94-B7A0-9ED912B49C47}.Release|Any CPU.ActiveCfg = Release|Any CPU
		{16EDA26C-9F55-4E94-B7A0-9ED912B49C47}.Release|Any CPU.Build.0 = Release|Any CPU
		{0C4533A2-E708-44CE-87EA-A7A3656123D5}.Debug|Any CPU.ActiveCfg = Debug|Any CPU
		{0C4533A2-E708-44CE-87EA-A7A3656123D5}.Debug|Any CPU.Build.0 = Debug|Any CPU
		{0C4533A2-E708-44CE-87EA-A7A3656123D5}.Release|Any CPU.ActiveCfg = Release|Any CPU
		{0C4533A2-E708-44CE-87EA-A7A3656123D5}.Release|Any CPU.Build.0 = Release|Any CPU
		{C87B9364-8A80-4CD6-91D9-67AFCD159C96}.Debug|Any CPU.ActiveCfg = Debug|Any CPU
		{C87B9364-8A80-4CD6-91D9-67AFCD159C96}.Debug|Any CPU.Build.0 = Debug|Any CPU
		{C87B9364-8A80-4CD6-91D9-67AFCD159C96}.Release|Any CPU.ActiveCfg = Release|Any CPU
		{C87B9364-8A80-4CD6-91D9-67AFCD159C96}.Release|Any CPU.Build.0 = Release|Any CPU
		{44B64095-8C1A-46A2-8F82-04768080CB1E}.Debug|Any CPU.ActiveCfg = Debug|Any CPU
		{44B64095-8C1A-46A2-8F82-04768080CB1E}.Debug|Any CPU.Build.0 = Debug|Any CPU
		{44B64095-8C1A-46A2-8F82-04768080CB1E}.Release|Any CPU.ActiveCfg = Release|Any CPU
		{44B64095-8C1A-46A2-8F82-04768080CB1E}.Release|Any CPU.Build.0 = Release|Any CPU
		{889C5F37-46E9-4961-989D-8B17E02D07CD}.Debug|Any CPU.ActiveCfg = Debug|Any CPU
		{889C5F37-46E9-4961-989D-8B17E02D07CD}.Debug|Any CPU.Build.0 = Debug|Any CPU
		{889C5F37-46E9-4961-989D-8B17E02D07CD}.Release|Any CPU.ActiveCfg = Release|Any CPU
		{889C5F37-46E9-4961-989D-8B17E02D07CD}.Release|Any CPU.Build.0 = Release|Any CPU
		{C6DE1B85-C402-491A-B351-1F3210CA45CF}.Debug|Any CPU.ActiveCfg = Debug|Any CPU
		{C6DE1B85-C402-491A-B351-1F3210CA45CF}.Debug|Any CPU.Build.0 = Debug|Any CPU
		{C6DE1B85-C402-491A-B351-1F3210CA45CF}.Release|Any CPU.ActiveCfg = Release|Any CPU
		{C6DE1B85-C402-491A-B351-1F3210CA45CF}.Release|Any CPU.Build.0 = Release|Any CPU
		{DB9AA336-F561-4DE3-862D-A65CF65972CA}.Debug|Any CPU.ActiveCfg = Debug|Any CPU
		{DB9AA336-F561-4DE3-862D-A65CF65972CA}.Debug|Any CPU.Build.0 = Debug|Any CPU
		{DB9AA336-F561-4DE3-862D-A65CF65972CA}.Release|Any CPU.ActiveCfg = Release|Any CPU
		{DB9AA336-F561-4DE3-862D-A65CF65972CA}.Release|Any CPU.Build.0 = Release|Any CPU
		{42BEA7A9-F306-4E5C-9A23-ED6B9DCC9D9B}.Debug|Any CPU.ActiveCfg = Debug|Any CPU
		{42BEA7A9-F306-4E5C-9A23-ED6B9DCC9D9B}.Debug|Any CPU.Build.0 = Debug|Any CPU
		{42BEA7A9-F306-4E5C-9A23-ED6B9DCC9D9B}.Release|Any CPU.ActiveCfg = Release|Any CPU
		{42BEA7A9-F306-4E5C-9A23-ED6B9DCC9D9B}.Release|Any CPU.Build.0 = Release|Any CPU
		{FACA5CB4-12BF-4BA3-876F-10316E8D602F}.Debug|Any CPU.ActiveCfg = Debug|Any CPU
		{FACA5CB4-12BF-4BA3-876F-10316E8D602F}.Debug|Any CPU.Build.0 = Debug|Any CPU
		{FACA5CB4-12BF-4BA3-876F-10316E8D602F}.Release|Any CPU.ActiveCfg = Release|Any CPU
		{FACA5CB4-12BF-4BA3-876F-10316E8D602F}.Release|Any CPU.Build.0 = Release|Any CPU
		{B3848179-8442-47C1-96D5-055135DD36AE}.Debug|Any CPU.ActiveCfg = Debug|Any CPU
		{B3848179-8442-47C1-96D5-055135DD36AE}.Debug|Any CPU.Build.0 = Debug|Any CPU
		{B3848179-8442-47C1-96D5-055135DD36AE}.Release|Any CPU.ActiveCfg = Release|Any CPU
		{B3848179-8442-47C1-96D5-055135DD36AE}.Release|Any CPU.Build.0 = Release|Any CPU
		{F790D1D4-59B9-47A8-8930-633419F233CA}.Debug|Any CPU.ActiveCfg = Debug|Any CPU
		{F790D1D4-59B9-47A8-8930-633419F233CA}.Debug|Any CPU.Build.0 = Debug|Any CPU
		{F790D1D4-59B9-47A8-8930-633419F233CA}.Release|Any CPU.ActiveCfg = Release|Any CPU
		{F790D1D4-59B9-47A8-8930-633419F233CA}.Release|Any CPU.Build.0 = Release|Any CPU
		{6E779312-3C33-4C69-9B9E-C2198AD203EB}.Debug|Any CPU.ActiveCfg = Debug|Any CPU
		{6E779312-3C33-4C69-9B9E-C2198AD203EB}.Debug|Any CPU.Build.0 = Debug|Any CPU
		{6E779312-3C33-4C69-9B9E-C2198AD203EB}.Release|Any CPU.ActiveCfg = Release|Any CPU
		{6E779312-3C33-4C69-9B9E-C2198AD203EB}.Release|Any CPU.Build.0 = Release|Any CPU
		{C69E5648-7C83-4714-98AB-15654FA97DC4}.Debug|Any CPU.ActiveCfg = Debug|Any CPU
		{C69E5648-7C83-4714-98AB-15654FA97DC4}.Debug|Any CPU.Build.0 = Debug|Any CPU
		{C69E5648-7C83-4714-98AB-15654FA97DC4}.Release|Any CPU.ActiveCfg = Release|Any CPU
		{C69E5648-7C83-4714-98AB-15654FA97DC4}.Release|Any CPU.Build.0 = Release|Any CPU
		{FDF7B31F-9372-44A6-B9D1-8A75212EC897}.Debug|Any CPU.ActiveCfg = Debug|Any CPU
		{FDF7B31F-9372-44A6-B9D1-8A75212EC897}.Debug|Any CPU.Build.0 = Debug|Any CPU
		{FDF7B31F-9372-44A6-B9D1-8A75212EC897}.Release|Any CPU.ActiveCfg = Release|Any CPU
		{FDF7B31F-9372-44A6-B9D1-8A75212EC897}.Release|Any CPU.Build.0 = Release|Any CPU
		{56893D9D-663C-4DB1-B14B-4824FF8BE451}.Debug|Any CPU.ActiveCfg = Debug|Any CPU
		{56893D9D-663C-4DB1-B14B-4824FF8BE451}.Debug|Any CPU.Build.0 = Debug|Any CPU
		{56893D9D-663C-4DB1-B14B-4824FF8BE451}.Release|Any CPU.ActiveCfg = Release|Any CPU
		{56893D9D-663C-4DB1-B14B-4824FF8BE451}.Release|Any CPU.Build.0 = Release|Any CPU
		{455BC2EB-DDCB-4103-94C1-F1FABA508893}.Debug|Any CPU.ActiveCfg = Debug|Any CPU
		{455BC2EB-DDCB-4103-94C1-F1FABA508893}.Debug|Any CPU.Build.0 = Debug|Any CPU
		{455BC2EB-DDCB-4103-94C1-F1FABA508893}.Release|Any CPU.ActiveCfg = Release|Any CPU
		{455BC2EB-DDCB-4103-94C1-F1FABA508893}.Release|Any CPU.Build.0 = Release|Any CPU
		{26A3EE6C-B7AA-43AE-9242-21CA6CA49893}.Debug|Any CPU.ActiveCfg = Debug|Any CPU
		{26A3EE6C-B7AA-43AE-9242-21CA6CA49893}.Debug|Any CPU.Build.0 = Debug|Any CPU
		{26A3EE6C-B7AA-43AE-9242-21CA6CA49893}.Release|Any CPU.ActiveCfg = Release|Any CPU
		{26A3EE6C-B7AA-43AE-9242-21CA6CA49893}.Release|Any CPU.Build.0 = Release|Any CPU
	EndGlobalSection
	GlobalSection(NestedProjects) = preSolution
		{1091C717-AF19-43CA-A4EE-B3A2F15AA3E6} = {A71E5A2B-F0C1-41E7-9589-F32467946BEE}
		{23E81015-E12D-4DD7-8FF3-0173D14E8BF0} = {A71E5A2B-F0C1-41E7-9589-F32467946BEE}
		{16EDA26C-9F55-4E94-B7A0-9ED912B49C47} = {0EE395CD-248C-4EC0-982D-77C2BEDEC08E}
		{0C4533A2-E708-44CE-87EA-A7A3656123D5} = {AE38997B-BF75-4310-9005-96DDC3B99B4D}
		{C87B9364-8A80-4CD6-91D9-67AFCD159C96} = {AE38997B-BF75-4310-9005-96DDC3B99B4D}
		{44B64095-8C1A-46A2-8F82-04768080CB1E} = {31E7E8D9-0597-49E3-A355-B5B8EC5DEBE6}
		{889C5F37-46E9-4961-989D-8B17E02D07CD} = {31E7E8D9-0597-49E3-A355-B5B8EC5DEBE6}
		{C6DE1B85-C402-491A-B351-1F3210CA45CF} = {AE38997B-BF75-4310-9005-96DDC3B99B4D}
		{DB9AA336-F561-4DE3-862D-A65CF65972CA} = {0EE395CD-248C-4EC0-982D-77C2BEDEC08E}
		{42BEA7A9-F306-4E5C-9A23-ED6B9DCC9D9B} = {0EE395CD-248C-4EC0-982D-77C2BEDEC08E}
		{FACA5CB4-12BF-4BA3-876F-10316E8D602F} = {A98606E7-1E6B-4C33-A653-A8A60591C181}
		{B3848179-8442-47C1-96D5-055135DD36AE} = {A98606E7-1E6B-4C33-A653-A8A60591C181}
		{F790D1D4-59B9-47A8-8930-633419F233CA} = {A98606E7-1E6B-4C33-A653-A8A60591C181}
		{6E779312-3C33-4C69-9B9E-C2198AD203EB} = {E7BE76EF-F5FC-401E-A160-2E2191596A47}
		{C69E5648-7C83-4714-98AB-15654FA97DC4} = {E7BE76EF-F5FC-401E-A160-2E2191596A47}
		{FDF7B31F-9372-44A6-B9D1-8A75212EC897} = {E7BE76EF-F5FC-401E-A160-2E2191596A47}
		{56893D9D-663C-4DB1-B14B-4824FF8BE451} = {E7BE76EF-F5FC-401E-A160-2E2191596A47}
		{455BC2EB-DDCB-4103-94C1-F1FABA508893} = {B251AFF3-E49A-48E9-8F7B-0FA223F05E62}
		{26A3EE6C-B7AA-43AE-9242-21CA6CA49893} = {B251AFF3-E49A-48E9-8F7B-0FA223F05E62}
	EndGlobalSection
EndGlobal
